// !$*UTF8*$!
{
	archiveVersion = 1;
	classes = {
	};
	objectVersion = 46;
	objects = {

/* Begin PBXBuildFile section */
		044F39ED1B99F270006457BA /* Bolts.framework in Frameworks */ = {isa = PBXBuildFile; fileRef = 044F39EB1B99F270006457BA /* Bolts.framework */; };
		044F39EE1B99F270006457BA /* Parse.framework in Frameworks */ = {isa = PBXBuildFile; fileRef = 044F39EC1B99F270006457BA /* Parse.framework */; };
		0453AEEB1B9861FB00CD3A53 /* SubjectsViewController.m in Sources */ = {isa = PBXBuildFile; fileRef = 0453AEE01B9861FB00CD3A53 /* SubjectsViewController.m */; };
		0453AEEC1B9861FB00CD3A53 /* LaunchScreen.xib in Resources */ = {isa = PBXBuildFile; fileRef = 0453AEE81B9861FB00CD3A53 /* LaunchScreen.xib */; };
		0453AEED1B9861FB00CD3A53 /* Main.storyboard in Resources */ = {isa = PBXBuildFile; fileRef = 0453AEE91B9861FB00CD3A53 /* Main.storyboard */; };
		0453AEF11B98647E00CD3A53 /* LoginViewController.m in Sources */ = {isa = PBXBuildFile; fileRef = 0453AEF01B98647E00CD3A53 /* LoginViewController.m */; };
		0453AEF31B98655C00CD3A53 /* welcome_background@2x.png in Resources */ = {isa = PBXBuildFile; fileRef = 0453AEF21B98655C00CD3A53 /* welcome_background@2x.png */; };
		0453AEF61B9872C300CD3A53 /* SignupViewController.m in Sources */ = {isa = PBXBuildFile; fileRef = 0453AEF51B9872C300CD3A53 /* SignupViewController.m */; };
		04A2AB0B1B9C3BE6009B2C60 /* ForgotPasswordViewController.m in Sources */ = {isa = PBXBuildFile; fileRef = 04A2AB0A1B9C3BE6009B2C60 /* ForgotPasswordViewController.m */; };
		04A2AB141B9C6BCD009B2C60 /* FlatDatePicker-Icon-Check.png in Resources */ = {isa = PBXBuildFile; fileRef = 04A2AB101B9C6BCD009B2C60 /* FlatDatePicker-Icon-Check.png */; };
		04A2AB151B9C6BCD009B2C60 /* FlatDatePicker-Icon-Check@2x.png in Resources */ = {isa = PBXBuildFile; fileRef = 04A2AB111B9C6BCD009B2C60 /* FlatDatePicker-Icon-Check@2x.png */; };
		04A2AB161B9C6BCD009B2C60 /* FlatDatePicker-Icon-Close.png in Resources */ = {isa = PBXBuildFile; fileRef = 04A2AB121B9C6BCD009B2C60 /* FlatDatePicker-Icon-Close.png */; };
		04A2AB171B9C6BCD009B2C60 /* FlatDatePicker-Icon-Close@2x.png in Resources */ = {isa = PBXBuildFile; fileRef = 04A2AB131B9C6BCD009B2C60 /* FlatDatePicker-Icon-Close@2x.png */; };
		04A2AB201B9C6CBD009B2C60 /* FlatDatePicker.m in Sources */ = {isa = PBXBuildFile; fileRef = 04A2AB1F1B9C6CBD009B2C60 /* FlatDatePicker.m */; };
		693E69241B876C0000009A84 /* AudioToolbox.framework in Frameworks */ = {isa = PBXBuildFile; fileRef = 693E69231B876C0000009A84 /* AudioToolbox.framework */; };
		693E69261B876C0C00009A84 /* CFNetwork.framework in Frameworks */ = {isa = PBXBuildFile; fileRef = 693E69251B876C0B00009A84 /* CFNetwork.framework */; };
		693E692A1B876C2900009A84 /* CoreGraphics.framework in Frameworks */ = {isa = PBXBuildFile; fileRef = 693E69271B876C2900009A84 /* CoreGraphics.framework */; };
		693E692B1B876C2900009A84 /* CoreLocation.framework in Frameworks */ = {isa = PBXBuildFile; fileRef = 693E69281B876C2900009A84 /* CoreLocation.framework */; };
		693E692C1B876C2900009A84 /* QuartzCore.framework in Frameworks */ = {isa = PBXBuildFile; fileRef = 693E69291B876C2900009A84 /* QuartzCore.framework */; };
		693E692E1B876C4500009A84 /* SystemConfiguration.framework in Frameworks */ = {isa = PBXBuildFile; fileRef = 693E692D1B876C4500009A84 /* SystemConfiguration.framework */; };
		693E69301B876C4D00009A84 /* StoreKit.framework in Frameworks */ = {isa = PBXBuildFile; fileRef = 693E692F1B876C4D00009A84 /* StoreKit.framework */; };
		693E69321B876C5C00009A84 /* Security.framework in Frameworks */ = {isa = PBXBuildFile; fileRef = 693E69311B876C5C00009A84 /* Security.framework */; };
		693E69361B876C7800009A84 /* libz.dylib in Frameworks */ = {isa = PBXBuildFile; fileRef = 693E69351B876C7800009A84 /* libz.dylib */; };
		693E69381B876C8B00009A84 /* libsqlite3.dylib in Frameworks */ = {isa = PBXBuildFile; fileRef = 693E69371B876C8B00009A84 /* libsqlite3.dylib */; };
		69FE08AD1B84E51500C81ABC /* main.m in Sources */ = {isa = PBXBuildFile; fileRef = 69FE08AC1B84E51500C81ABC /* main.m */; };
		69FE08B01B84E51500C81ABC /* AppDelegate.m in Sources */ = {isa = PBXBuildFile; fileRef = 69FE08AF1B84E51500C81ABC /* AppDelegate.m */; };
		69FE08B81B84E51500C81ABC /* Images.xcassets in Resources */ = {isa = PBXBuildFile; fileRef = 69FE08B71B84E51500C81ABC /* Images.xcassets */; };
		69FE08C71B84E51500C81ABC /* Educatia_StudentTests.m in Sources */ = {isa = PBXBuildFile; fileRef = 69FE08C61B84E51500C81ABC /* Educatia_StudentTests.m */; };
		F507E5CF1B9F15C00066283F /* icon_Expences.png in Resources */ = {isa = PBXBuildFile; fileRef = F507E5C31B9F15C00066283F /* icon_Expences.png */; };
		F507E5D01B9F15C00066283F /* icon_Expences@2x.png in Resources */ = {isa = PBXBuildFile; fileRef = F507E5C41B9F15C00066283F /* icon_Expences@2x.png */; };
		F507E5D11B9F15C00066283F /* icon_Expences@3x.png in Resources */ = {isa = PBXBuildFile; fileRef = F507E5C51B9F15C00066283F /* icon_Expences@3x.png */; };
		F507E5D21B9F15C00066283F /* icon_History.png in Resources */ = {isa = PBXBuildFile; fileRef = F507E5C61B9F15C00066283F /* icon_History.png */; };
		F507E5D31B9F15C00066283F /* icon_History@2x.png in Resources */ = {isa = PBXBuildFile; fileRef = F507E5C71B9F15C00066283F /* icon_History@2x.png */; };
		F507E5D41B9F15C00066283F /* icon_History@3x.png in Resources */ = {isa = PBXBuildFile; fileRef = F507E5C81B9F15C00066283F /* icon_History@3x.png */; };
		F507E5D51B9F15C00066283F /* icon_setting.png in Resources */ = {isa = PBXBuildFile; fileRef = F507E5C91B9F15C00066283F /* icon_setting.png */; };
		F507E5D61B9F15C00066283F /* icon_setting@2x.png in Resources */ = {isa = PBXBuildFile; fileRef = F507E5CA1B9F15C00066283F /* icon_setting@2x.png */; };
		F507E5D71B9F15C00066283F /* icon_setting@3x.png in Resources */ = {isa = PBXBuildFile; fileRef = F507E5CB1B9F15C00066283F /* icon_setting@3x.png */; };
		F507E5D81B9F15C00066283F /* icon_Summary.png in Resources */ = {isa = PBXBuildFile; fileRef = F507E5CC1B9F15C00066283F /* icon_Summary.png */; };
		F507E5D91B9F15C00066283F /* icon_Summary@2x.png in Resources */ = {isa = PBXBuildFile; fileRef = F507E5CD1B9F15C00066283F /* icon_Summary@2x.png */; };
		F507E5DA1B9F15C00066283F /* icon_Summary@3x.png in Resources */ = {isa = PBXBuildFile; fileRef = F507E5CE1B9F15C00066283F /* icon_Summary@3x.png */; };
		F507E5DE1B9F19120066283F /* ProfileViewController.m in Sources */ = {isa = PBXBuildFile; fileRef = F507E5DD1B9F19120066283F /* ProfileViewController.m */; };
		F507E5E21B9F41100066283F /* TabBarHolderController.m in Sources */ = {isa = PBXBuildFile; fileRef = F507E5E11B9F41100066283F /* TabBarHolderController.m */; };
/* End PBXBuildFile section */

/* Begin PBXContainerItemProxy section */
		69FE08C11B84E51500C81ABC /* PBXContainerItemProxy */ = {
			isa = PBXContainerItemProxy;
			containerPortal = 69FE089F1B84E51500C81ABC /* Project object */;
			proxyType = 1;
			remoteGlobalIDString = 69FE08A61B84E51500C81ABC;
			remoteInfo = "Educatia Student";
		};
/* End PBXContainerItemProxy section */

/* Begin PBXFileReference section */
		044F39EB1B99F270006457BA /* Bolts.framework */ = {isa = PBXFileReference; lastKnownFileType = wrapper.framework; path = Bolts.framework; sourceTree = "<group>"; };
		044F39EC1B99F270006457BA /* Parse.framework */ = {isa = PBXFileReference; lastKnownFileType = wrapper.framework; path = Parse.framework; sourceTree = "<group>"; };
		0453AEDF1B9861FB00CD3A53 /* SubjectsViewController.h */ = {isa = PBXFileReference; fileEncoding = 4; lastKnownFileType = sourcecode.c.h; path = SubjectsViewController.h; sourceTree = "<group>"; };
		0453AEE01B9861FB00CD3A53 /* SubjectsViewController.m */ = {isa = PBXFileReference; fileEncoding = 4; lastKnownFileType = sourcecode.c.objc; path = SubjectsViewController.m; sourceTree = "<group>"; };
		0453AEE81B9861FB00CD3A53 /* LaunchScreen.xib */ = {isa = PBXFileReference; fileEncoding = 4; lastKnownFileType = file.xib; path = LaunchScreen.xib; sourceTree = "<group>"; };
		0453AEE91B9861FB00CD3A53 /* Main.storyboard */ = {isa = PBXFileReference; fileEncoding = 4; lastKnownFileType = file.storyboard; path = Main.storyboard; sourceTree = "<group>"; };
		0453AEEF1B98647E00CD3A53 /* LoginViewController.h */ = {isa = PBXFileReference; fileEncoding = 4; lastKnownFileType = sourcecode.c.h; path = LoginViewController.h; sourceTree = "<group>"; };
		0453AEF01B98647E00CD3A53 /* LoginViewController.m */ = {isa = PBXFileReference; fileEncoding = 4; lastKnownFileType = sourcecode.c.objc; path = LoginViewController.m; sourceTree = "<group>"; };
		0453AEF21B98655C00CD3A53 /* welcome_background@2x.png */ = {isa = PBXFileReference; lastKnownFileType = image.png; path = "welcome_background@2x.png"; sourceTree = "<group>"; };
		0453AEF41B9872C300CD3A53 /* SignupViewController.h */ = {isa = PBXFileReference; fileEncoding = 4; lastKnownFileType = sourcecode.c.h; path = SignupViewController.h; sourceTree = "<group>"; };
		0453AEF51B9872C300CD3A53 /* SignupViewController.m */ = {isa = PBXFileReference; fileEncoding = 4; lastKnownFileType = sourcecode.c.objc; path = SignupViewController.m; sourceTree = "<group>"; };
		04A2AB091B9C3BE6009B2C60 /* ForgotPasswordViewController.h */ = {isa = PBXFileReference; fileEncoding = 4; lastKnownFileType = sourcecode.c.h; path = ForgotPasswordViewController.h; sourceTree = "<group>"; };
		04A2AB0A1B9C3BE6009B2C60 /* ForgotPasswordViewController.m */ = {isa = PBXFileReference; fileEncoding = 4; lastKnownFileType = sourcecode.c.objc; path = ForgotPasswordViewController.m; sourceTree = "<group>"; };
		04A2AB101B9C6BCD009B2C60 /* FlatDatePicker-Icon-Check.png */ = {isa = PBXFileReference; lastKnownFileType = image.png; path = "FlatDatePicker-Icon-Check.png"; sourceTree = "<group>"; };
		04A2AB111B9C6BCD009B2C60 /* FlatDatePicker-Icon-Check@2x.png */ = {isa = PBXFileReference; lastKnownFileType = image.png; path = "FlatDatePicker-Icon-Check@2x.png"; sourceTree = "<group>"; };
		04A2AB121B9C6BCD009B2C60 /* FlatDatePicker-Icon-Close.png */ = {isa = PBXFileReference; lastKnownFileType = image.png; path = "FlatDatePicker-Icon-Close.png"; sourceTree = "<group>"; };
		04A2AB131B9C6BCD009B2C60 /* FlatDatePicker-Icon-Close@2x.png */ = {isa = PBXFileReference; lastKnownFileType = image.png; path = "FlatDatePicker-Icon-Close@2x.png"; sourceTree = "<group>"; };
		04A2AB1E1B9C6CBD009B2C60 /* FlatDatePicker.h */ = {isa = PBXFileReference; fileEncoding = 4; lastKnownFileType = sourcecode.c.h; path = FlatDatePicker.h; sourceTree = "<group>"; };
		04A2AB1F1B9C6CBD009B2C60 /* FlatDatePicker.m */ = {isa = PBXFileReference; fileEncoding = 4; lastKnownFileType = sourcecode.c.objc; path = FlatDatePicker.m; sourceTree = "<group>"; };
		693E69231B876C0000009A84 /* AudioToolbox.framework */ = {isa = PBXFileReference; lastKnownFileType = wrapper.framework; name = AudioToolbox.framework; path = System/Library/Frameworks/AudioToolbox.framework; sourceTree = SDKROOT; };
		693E69251B876C0B00009A84 /* CFNetwork.framework */ = {isa = PBXFileReference; lastKnownFileType = wrapper.framework; name = CFNetwork.framework; path = System/Library/Frameworks/CFNetwork.framework; sourceTree = SDKROOT; };
		693E69271B876C2900009A84 /* CoreGraphics.framework */ = {isa = PBXFileReference; lastKnownFileType = wrapper.framework; name = CoreGraphics.framework; path = System/Library/Frameworks/CoreGraphics.framework; sourceTree = SDKROOT; };
		693E69281B876C2900009A84 /* CoreLocation.framework */ = {isa = PBXFileReference; lastKnownFileType = wrapper.framework; name = CoreLocation.framework; path = System/Library/Frameworks/CoreLocation.framework; sourceTree = SDKROOT; };
		693E69291B876C2900009A84 /* QuartzCore.framework */ = {isa = PBXFileReference; lastKnownFileType = wrapper.framework; name = QuartzCore.framework; path = System/Library/Frameworks/QuartzCore.framework; sourceTree = SDKROOT; };
		693E692D1B876C4500009A84 /* SystemConfiguration.framework */ = {isa = PBXFileReference; lastKnownFileType = wrapper.framework; name = SystemConfiguration.framework; path = System/Library/Frameworks/SystemConfiguration.framework; sourceTree = SDKROOT; };
		693E692F1B876C4D00009A84 /* StoreKit.framework */ = {isa = PBXFileReference; lastKnownFileType = wrapper.framework; name = StoreKit.framework; path = System/Library/Frameworks/StoreKit.framework; sourceTree = SDKROOT; };
		693E69311B876C5C00009A84 /* Security.framework */ = {isa = PBXFileReference; lastKnownFileType = wrapper.framework; name = Security.framework; path = System/Library/Frameworks/Security.framework; sourceTree = SDKROOT; };
		693E69331B876C6800009A84 /* libdyld.dylib */ = {isa = PBXFileReference; lastKnownFileType = "compiled.mach-o.dylib"; name = libdyld.dylib; path = usr/lib/system/libdyld.dylib; sourceTree = SDKROOT; };
		693E69351B876C7800009A84 /* libz.dylib */ = {isa = PBXFileReference; lastKnownFileType = "compiled.mach-o.dylib"; name = libz.dylib; path = usr/lib/libz.dylib; sourceTree = SDKROOT; };
		693E69371B876C8B00009A84 /* libsqlite3.dylib */ = {isa = PBXFileReference; lastKnownFileType = "compiled.mach-o.dylib"; name = libsqlite3.dylib; path = usr/lib/libsqlite3.dylib; sourceTree = SDKROOT; };
		69FE08A71B84E51500C81ABC /* Educatia Student.app */ = {isa = PBXFileReference; explicitFileType = wrapper.application; includeInIndex = 0; path = "Educatia Student.app"; sourceTree = BUILT_PRODUCTS_DIR; };
		69FE08AB1B84E51500C81ABC /* Info.plist */ = {isa = PBXFileReference; lastKnownFileType = text.plist.xml; path = Info.plist; sourceTree = "<group>"; };
		69FE08AC1B84E51500C81ABC /* main.m */ = {isa = PBXFileReference; lastKnownFileType = sourcecode.c.objc; path = main.m; sourceTree = "<group>"; };
		69FE08AE1B84E51500C81ABC /* AppDelegate.h */ = {isa = PBXFileReference; lastKnownFileType = sourcecode.c.h; path = AppDelegate.h; sourceTree = "<group>"; };
		69FE08AF1B84E51500C81ABC /* AppDelegate.m */ = {isa = PBXFileReference; lastKnownFileType = sourcecode.c.objc; path = AppDelegate.m; sourceTree = "<group>"; };
		69FE08B71B84E51500C81ABC /* Images.xcassets */ = {isa = PBXFileReference; lastKnownFileType = folder.assetcatalog; path = Images.xcassets; sourceTree = "<group>"; };
		69FE08C01B84E51500C81ABC /* Educatia StudentTests.xctest */ = {isa = PBXFileReference; explicitFileType = wrapper.cfbundle; includeInIndex = 0; path = "Educatia StudentTests.xctest"; sourceTree = BUILT_PRODUCTS_DIR; };
		69FE08C51B84E51500C81ABC /* Info.plist */ = {isa = PBXFileReference; lastKnownFileType = text.plist.xml; path = Info.plist; sourceTree = "<group>"; };
		69FE08C61B84E51500C81ABC /* Educatia_StudentTests.m */ = {isa = PBXFileReference; lastKnownFileType = sourcecode.c.objc; path = Educatia_StudentTests.m; sourceTree = "<group>"; };
		F507E5C31B9F15C00066283F /* icon_Expences.png */ = {isa = PBXFileReference; lastKnownFileType = image.png; path = icon_Expences.png; sourceTree = "<group>"; };
		F507E5C41B9F15C00066283F /* icon_Expences@2x.png */ = {isa = PBXFileReference; lastKnownFileType = image.png; path = "icon_Expences@2x.png"; sourceTree = "<group>"; };
		F507E5C51B9F15C00066283F /* icon_Expences@3x.png */ = {isa = PBXFileReference; lastKnownFileType = image.png; path = "icon_Expences@3x.png"; sourceTree = "<group>"; };
		F507E5C61B9F15C00066283F /* icon_History.png */ = {isa = PBXFileReference; lastKnownFileType = image.png; path = icon_History.png; sourceTree = "<group>"; };
		F507E5C71B9F15C00066283F /* icon_History@2x.png */ = {isa = PBXFileReference; lastKnownFileType = image.png; path = "icon_History@2x.png"; sourceTree = "<group>"; };
		F507E5C81B9F15C00066283F /* icon_History@3x.png */ = {isa = PBXFileReference; lastKnownFileType = image.png; path = "icon_History@3x.png"; sourceTree = "<group>"; };
		F507E5C91B9F15C00066283F /* icon_setting.png */ = {isa = PBXFileReference; lastKnownFileType = image.png; path = icon_setting.png; sourceTree = "<group>"; };
		F507E5CA1B9F15C00066283F /* icon_setting@2x.png */ = {isa = PBXFileReference; lastKnownFileType = image.png; path = "icon_setting@2x.png"; sourceTree = "<group>"; };
		F507E5CB1B9F15C00066283F /* icon_setting@3x.png */ = {isa = PBXFileReference; lastKnownFileType = image.png; path = "icon_setting@3x.png"; sourceTree = "<group>"; };
		F507E5CC1B9F15C00066283F /* icon_Summary.png */ = {isa = PBXFileReference; lastKnownFileType = image.png; path = icon_Summary.png; sourceTree = "<group>"; };
		F507E5CD1B9F15C00066283F /* icon_Summary@2x.png */ = {isa = PBXFileReference; lastKnownFileType = image.png; path = "icon_Summary@2x.png"; sourceTree = "<group>"; };
		F507E5CE1B9F15C00066283F /* icon_Summary@3x.png */ = {isa = PBXFileReference; lastKnownFileType = image.png; path = "icon_Summary@3x.png"; sourceTree = "<group>"; };
		F507E5DC1B9F19120066283F /* ProfileViewController.h */ = {isa = PBXFileReference; fileEncoding = 4; lastKnownFileType = sourcecode.c.h; path = ProfileViewController.h; sourceTree = "<group>"; };
		F507E5DD1B9F19120066283F /* ProfileViewController.m */ = {isa = PBXFileReference; fileEncoding = 4; lastKnownFileType = sourcecode.c.objc; path = ProfileViewController.m; sourceTree = "<group>"; };
		F507E5E01B9F41100066283F /* TabBarHolderController.h */ = {isa = PBXFileReference; fileEncoding = 4; lastKnownFileType = sourcecode.c.h; path = TabBarHolderController.h; sourceTree = "<group>"; };
		F507E5E11B9F41100066283F /* TabBarHolderController.m */ = {isa = PBXFileReference; fileEncoding = 4; lastKnownFileType = sourcecode.c.objc; path = TabBarHolderController.m; sourceTree = "<group>"; };
/* End PBXFileReference section */

/* Begin PBXFrameworksBuildPhase section */
		69FE08A41B84E51500C81ABC /* Frameworks */ = {
			isa = PBXFrameworksBuildPhase;
			buildActionMask = 2147483647;
			files = (
				693E69381B876C8B00009A84 /* libsqlite3.dylib in Frameworks */,
				693E69361B876C7800009A84 /* libz.dylib in Frameworks */,
				693E69321B876C5C00009A84 /* Security.framework in Frameworks */,
				693E69301B876C4D00009A84 /* StoreKit.framework in Frameworks */,
				693E692E1B876C4500009A84 /* SystemConfiguration.framework in Frameworks */,
				693E692A1B876C2900009A84 /* CoreGraphics.framework in Frameworks */,
				693E692B1B876C2900009A84 /* CoreLocation.framework in Frameworks */,
				693E692C1B876C2900009A84 /* QuartzCore.framework in Frameworks */,
				044F39ED1B99F270006457BA /* Bolts.framework in Frameworks */,
				693E69261B876C0C00009A84 /* CFNetwork.framework in Frameworks */,
				044F39EE1B99F270006457BA /* Parse.framework in Frameworks */,
				693E69241B876C0000009A84 /* AudioToolbox.framework in Frameworks */,
			);
			runOnlyForDeploymentPostprocessing = 0;
		};
		69FE08BD1B84E51500C81ABC /* Frameworks */ = {
			isa = PBXFrameworksBuildPhase;
			buildActionMask = 2147483647;
			files = (
			);
			runOnlyForDeploymentPostprocessing = 0;
		};
/* End PBXFrameworksBuildPhase section */

/* Begin PBXGroup section */
		044F39D51B99DE6C006457BA /* SDK */ = {
			isa = PBXGroup;
			children = (
				044F39EA1B99F270006457BA /* parseSDK */,
			);
			path = SDK;
			sourceTree = "<group>";
		};
		044F39EA1B99F270006457BA /* parseSDK */ = {
			isa = PBXGroup;
			children = (
				044F39EB1B99F270006457BA /* Bolts.framework */,
				044F39EC1B99F270006457BA /* Parse.framework */,
			);
			path = parseSDK;
			sourceTree = "<group>";
		};
		0453AEDA1B9861FB00CD3A53 /* Controller */ = {
			isa = PBXGroup;
			children = (
				F507E5DF1B9F40D90066283F /* TabBarHolder */,
				F507E5DB1B9F18EA0066283F /* Profile */,
				04A2AB081B9C3BD5009B2C60 /* Forgot Password */,
				0453AEEE1B98646F00CD3A53 /* Log-In */,
				0453AEDB1B9861FB00CD3A53 /* Sign-Up */,
				0453AEDE1B9861FB00CD3A53 /* Subjects */,
			);
			path = Controller;
			sourceTree = "<group>";
		};
		0453AEDB1B9861FB00CD3A53 /* Sign-Up */ = {
			isa = PBXGroup;
			children = (
				0453AEF41B9872C300CD3A53 /* SignupViewController.h */,
				0453AEF51B9872C300CD3A53 /* SignupViewController.m */,
			);
			path = "Sign-Up";
			sourceTree = "<group>";
		};
		0453AEDE1B9861FB00CD3A53 /* Subjects */ = {
			isa = PBXGroup;
			children = (
				0453AEDF1B9861FB00CD3A53 /* SubjectsViewController.h */,
				0453AEE01B9861FB00CD3A53 /* SubjectsViewController.m */,
			);
			path = Subjects;
			sourceTree = "<group>";
		};
		0453AEE11B9861FB00CD3A53 /* Model */ = {
			isa = PBXGroup;
			children = (
			);
			path = Model;
			sourceTree = "<group>";
		};
		0453AEE21B9861FB00CD3A53 /* Resources */ = {
			isa = PBXGroup;
			children = (
				04A2AB1C1B9C6CBD009B2C60 /* Libraries */,
				044F39D51B99DE6C006457BA /* SDK */,
				0453AEE31B9861FB00CD3A53 /* Icons */,
				0453AEE41B9861FB00CD3A53 /* Images */,
			);
			path = Resources;
			sourceTree = "<group>";
		};
		0453AEE31B9861FB00CD3A53 /* Icons */ = {
			isa = PBXGroup;
			children = (
				04A2AB101B9C6BCD009B2C60 /* FlatDatePicker-Icon-Check.png */,
				04A2AB111B9C6BCD009B2C60 /* FlatDatePicker-Icon-Check@2x.png */,
				04A2AB121B9C6BCD009B2C60 /* FlatDatePicker-Icon-Close.png */,
				04A2AB131B9C6BCD009B2C60 /* FlatDatePicker-Icon-Close@2x.png */,
			);
			path = Icons;
			sourceTree = "<group>";
		};
		0453AEE41B9861FB00CD3A53 /* Images */ = {
			isa = PBXGroup;
			children = (
				F507E5C31B9F15C00066283F /* icon_Expences.png */,
				F507E5C41B9F15C00066283F /* icon_Expences@2x.png */,
				F507E5C51B9F15C00066283F /* icon_Expences@3x.png */,
				F507E5C61B9F15C00066283F /* icon_History.png */,
				F507E5C71B9F15C00066283F /* icon_History@2x.png */,
				F507E5C81B9F15C00066283F /* icon_History@3x.png */,
				F507E5C91B9F15C00066283F /* icon_setting.png */,
				F507E5CA1B9F15C00066283F /* icon_setting@2x.png */,
				F507E5CB1B9F15C00066283F /* icon_setting@3x.png */,
				F507E5CC1B9F15C00066283F /* icon_Summary.png */,
				F507E5CD1B9F15C00066283F /* icon_Summary@2x.png */,
				F507E5CE1B9F15C00066283F /* icon_Summary@3x.png */,
				0453AEF21B98655C00CD3A53 /* welcome_background@2x.png */,
			);
			path = Images;
			sourceTree = "<group>";
		};
		0453AEE71B9861FB00CD3A53 /* View */ = {
			isa = PBXGroup;
			children = (
				0453AEE81B9861FB00CD3A53 /* LaunchScreen.xib */,
				0453AEE91B9861FB00CD3A53 /* Main.storyboard */,
			);
			path = View;
			sourceTree = "<group>";
		};
		0453AEEE1B98646F00CD3A53 /* Log-In */ = {
			isa = PBXGroup;
			children = (
				0453AEEF1B98647E00CD3A53 /* LoginViewController.h */,
				0453AEF01B98647E00CD3A53 /* LoginViewController.m */,
			);
			path = "Log-In";
			sourceTree = "<group>";
		};
		04A2AB081B9C3BD5009B2C60 /* Forgot Password */ = {
			isa = PBXGroup;
			children = (
				04A2AB091B9C3BE6009B2C60 /* ForgotPasswordViewController.h */,
				04A2AB0A1B9C3BE6009B2C60 /* ForgotPasswordViewController.m */,
			);
			path = "Forgot Password";
			sourceTree = "<group>";
		};
		04A2AB1C1B9C6CBD009B2C60 /* Libraries */ = {
			isa = PBXGroup;
			children = (
				04A2AB1D1B9C6CBD009B2C60 /* FlatDatePicker */,
			);
			path = Libraries;
			sourceTree = "<group>";
		};
		04A2AB1D1B9C6CBD009B2C60 /* FlatDatePicker */ = {
			isa = PBXGroup;
			children = (
				04A2AB1E1B9C6CBD009B2C60 /* FlatDatePicker.h */,
				04A2AB1F1B9C6CBD009B2C60 /* FlatDatePicker.m */,
			);
			path = FlatDatePicker;
			sourceTree = "<group>";
		};
		693E69391B876CA600009A84 /* Frameworks */ = {
			isa = PBXGroup;
			children = (
				693E69371B876C8B00009A84 /* libsqlite3.dylib */,
				693E69351B876C7800009A84 /* libz.dylib */,
				693E69331B876C6800009A84 /* libdyld.dylib */,
				693E69311B876C5C00009A84 /* Security.framework */,
				693E692F1B876C4D00009A84 /* StoreKit.framework */,
				693E692D1B876C4500009A84 /* SystemConfiguration.framework */,
				693E69271B876C2900009A84 /* CoreGraphics.framework */,
				693E69281B876C2900009A84 /* CoreLocation.framework */,
				693E69291B876C2900009A84 /* QuartzCore.framework */,
				693E69251B876C0B00009A84 /* CFNetwork.framework */,
				693E69231B876C0000009A84 /* AudioToolbox.framework */,
			);
			name = Frameworks;
			sourceTree = "<group>";
		};
		69FE089E1B84E51500C81ABC = {
			isa = PBXGroup;
			children = (
				693E69391B876CA600009A84 /* Frameworks */,
				69FE08A91B84E51500C81ABC /* Educatia Student */,
				69FE08C31B84E51500C81ABC /* Educatia StudentTests */,
				69FE08A81B84E51500C81ABC /* Products */,
			);
			sourceTree = "<group>";
		};
		69FE08A81B84E51500C81ABC /* Products */ = {
			isa = PBXGroup;
			children = (
				69FE08A71B84E51500C81ABC /* Educatia Student.app */,
				69FE08C01B84E51500C81ABC /* Educatia StudentTests.xctest */,
			);
			name = Products;
			sourceTree = "<group>";
		};
		69FE08A91B84E51500C81ABC /* Educatia Student */ = {
			isa = PBXGroup;
			children = (
				0453AEDA1B9861FB00CD3A53 /* Controller */,
				0453AEE11B9861FB00CD3A53 /* Model */,
				0453AEE21B9861FB00CD3A53 /* Resources */,
				0453AEE71B9861FB00CD3A53 /* View */,
				69FE08AE1B84E51500C81ABC /* AppDelegate.h */,
				69FE08AF1B84E51500C81ABC /* AppDelegate.m */,
				69FE08B71B84E51500C81ABC /* Images.xcassets */,
				69FE08AA1B84E51500C81ABC /* Supporting Files */,
			);
			path = "Educatia Student";
			sourceTree = "<group>";
		};
		69FE08AA1B84E51500C81ABC /* Supporting Files */ = {
			isa = PBXGroup;
			children = (
				69FE08AB1B84E51500C81ABC /* Info.plist */,
				69FE08AC1B84E51500C81ABC /* main.m */,
			);
			name = "Supporting Files";
			sourceTree = "<group>";
		};
		69FE08C31B84E51500C81ABC /* Educatia StudentTests */ = {
			isa = PBXGroup;
			children = (
				69FE08C61B84E51500C81ABC /* Educatia_StudentTests.m */,
				69FE08C41B84E51500C81ABC /* Supporting Files */,
			);
			path = "Educatia StudentTests";
			sourceTree = "<group>";
		};
		69FE08C41B84E51500C81ABC /* Supporting Files */ = {
			isa = PBXGroup;
			children = (
				69FE08C51B84E51500C81ABC /* Info.plist */,
			);
			name = "Supporting Files";
			sourceTree = "<group>";
		};
		F507E5DB1B9F18EA0066283F /* Profile */ = {
			isa = PBXGroup;
			children = (
				F507E5DC1B9F19120066283F /* ProfileViewController.h */,
				F507E5DD1B9F19120066283F /* ProfileViewController.m */,
			);
			path = Profile;
			sourceTree = "<group>";
		};
		F507E5DF1B9F40D90066283F /* TabBarHolder */ = {
			isa = PBXGroup;
			children = (
				F507E5E01B9F41100066283F /* TabBarHolderController.h */,
				F507E5E11B9F41100066283F /* TabBarHolderController.m */,
			);
			path = TabBarHolder;
			sourceTree = "<group>";
		};
/* End PBXGroup section */

/* Begin PBXNativeTarget section */
		69FE08A61B84E51500C81ABC /* Educatia Student */ = {
			isa = PBXNativeTarget;
			buildConfigurationList = 69FE08CA1B84E51500C81ABC /* Build configuration list for PBXNativeTarget "Educatia Student" */;
			buildPhases = (
				69FE08A31B84E51500C81ABC /* Sources */,
				69FE08A41B84E51500C81ABC /* Frameworks */,
				69FE08A51B84E51500C81ABC /* Resources */,
			);
			buildRules = (
			);
			dependencies = (
			);
			name = "Educatia Student";
			productName = "Educatia Student";
			productReference = 69FE08A71B84E51500C81ABC /* Educatia Student.app */;
			productType = "com.apple.product-type.application";
		};
		69FE08BF1B84E51500C81ABC /* Educatia StudentTests */ = {
			isa = PBXNativeTarget;
			buildConfigurationList = 69FE08CD1B84E51500C81ABC /* Build configuration list for PBXNativeTarget "Educatia StudentTests" */;
			buildPhases = (
				69FE08BC1B84E51500C81ABC /* Sources */,
				69FE08BD1B84E51500C81ABC /* Frameworks */,
				69FE08BE1B84E51500C81ABC /* Resources */,
			);
			buildRules = (
			);
			dependencies = (
				69FE08C21B84E51500C81ABC /* PBXTargetDependency */,
			);
			name = "Educatia StudentTests";
			productName = "Educatia StudentTests";
			productReference = 69FE08C01B84E51500C81ABC /* Educatia StudentTests.xctest */;
			productType = "com.apple.product-type.bundle.unit-test";
		};
/* End PBXNativeTarget section */

/* Begin PBXProject section */
		69FE089F1B84E51500C81ABC /* Project object */ = {
			isa = PBXProject;
			attributes = {
				LastUpgradeCheck = 0640;
				ORGANIZATIONNAME = "Bluewave Solutions";
				TargetAttributes = {
					69FE08A61B84E51500C81ABC = {
						CreatedOnToolsVersion = 6.4;
						DevelopmentTeam = 6VJ733SKX8;
					};
					69FE08BF1B84E51500C81ABC = {
						CreatedOnToolsVersion = 6.4;
						TestTargetID = 69FE08A61B84E51500C81ABC;
					};
				};
			};
			buildConfigurationList = 69FE08A21B84E51500C81ABC /* Build configuration list for PBXProject "Educatia Student" */;
			compatibilityVersion = "Xcode 3.2";
			developmentRegion = English;
			hasScannedForEncodings = 0;
			knownRegions = (
				en,
				Base,
			);
			mainGroup = 69FE089E1B84E51500C81ABC;
			productRefGroup = 69FE08A81B84E51500C81ABC /* Products */;
			projectDirPath = "";
			projectRoot = "";
			targets = (
				69FE08A61B84E51500C81ABC /* Educatia Student */,
				69FE08BF1B84E51500C81ABC /* Educatia StudentTests */,
			);
		};
/* End PBXProject section */

/* Begin PBXResourcesBuildPhase section */
		69FE08A51B84E51500C81ABC /* Resources */ = {
			isa = PBXResourcesBuildPhase;
			buildActionMask = 2147483647;
			files = (
				F507E5CF1B9F15C00066283F /* icon_Expences.png in Resources */,
				F507E5D71B9F15C00066283F /* icon_setting@3x.png in Resources */,
				F507E5D31B9F15C00066283F /* icon_History@2x.png in Resources */,
				0453AEED1B9861FB00CD3A53 /* Main.storyboard in Resources */,
				0453AEF31B98655C00CD3A53 /* welcome_background@2x.png in Resources */,
				F507E5D51B9F15C00066283F /* icon_setting.png in Resources */,
				04A2AB171B9C6BCD009B2C60 /* FlatDatePicker-Icon-Close@2x.png in Resources */,
				F507E5D81B9F15C00066283F /* icon_Summary.png in Resources */,
				F507E5D61B9F15C00066283F /* icon_setting@2x.png in Resources */,
				04A2AB161B9C6BCD009B2C60 /* FlatDatePicker-Icon-Close.png in Resources */,
				F507E5D21B9F15C00066283F /* icon_History.png in Resources */,
				F507E5D41B9F15C00066283F /* icon_History@3x.png in Resources */,
				F507E5D91B9F15C00066283F /* icon_Summary@2x.png in Resources */,
				0453AEEC1B9861FB00CD3A53 /* LaunchScreen.xib in Resources */,
				69FE08B81B84E51500C81ABC /* Images.xcassets in Resources */,
				04A2AB151B9C6BCD009B2C60 /* FlatDatePicker-Icon-Check@2x.png in Resources */,
				F507E5D01B9F15C00066283F /* icon_Expences@2x.png in Resources */,
				F507E5D11B9F15C00066283F /* icon_Expences@3x.png in Resources */,
				04A2AB141B9C6BCD009B2C60 /* FlatDatePicker-Icon-Check.png in Resources */,
				F507E5DA1B9F15C00066283F /* icon_Summary@3x.png in Resources */,
			);
			runOnlyForDeploymentPostprocessing = 0;
		};
		69FE08BE1B84E51500C81ABC /* Resources */ = {
			isa = PBXResourcesBuildPhase;
			buildActionMask = 2147483647;
			files = (
			);
			runOnlyForDeploymentPostprocessing = 0;
		};
/* End PBXResourcesBuildPhase section */

/* Begin PBXSourcesBuildPhase section */
		69FE08A31B84E51500C81ABC /* Sources */ = {
			isa = PBXSourcesBuildPhase;
			buildActionMask = 2147483647;
			files = (
				04A2AB0B1B9C3BE6009B2C60 /* ForgotPasswordViewController.m in Sources */,
				0453AEEB1B9861FB00CD3A53 /* SubjectsViewController.m in Sources */,
				69FE08B01B84E51500C81ABC /* AppDelegate.m in Sources */,
				F507E5DE1B9F19120066283F /* ProfileViewController.m in Sources */,
				69FE08AD1B84E51500C81ABC /* main.m in Sources */,
				0453AEF11B98647E00CD3A53 /* LoginViewController.m in Sources */,
				04A2AB201B9C6CBD009B2C60 /* FlatDatePicker.m in Sources */,
				F507E5E21B9F41100066283F /* TabBarHolderController.m in Sources */,
				0453AEF61B9872C300CD3A53 /* SignupViewController.m in Sources */,
			);
			runOnlyForDeploymentPostprocessing = 0;
		};
		69FE08BC1B84E51500C81ABC /* Sources */ = {
			isa = PBXSourcesBuildPhase;
			buildActionMask = 2147483647;
			files = (
				69FE08C71B84E51500C81ABC /* Educatia_StudentTests.m in Sources */,
			);
			runOnlyForDeploymentPostprocessing = 0;
		};
/* End PBXSourcesBuildPhase section */

/* Begin PBXTargetDependency section */
		69FE08C21B84E51500C81ABC /* PBXTargetDependency */ = {
			isa = PBXTargetDependency;
			target = 69FE08A61B84E51500C81ABC /* Educatia Student */;
			targetProxy = 69FE08C11B84E51500C81ABC /* PBXContainerItemProxy */;
		};
/* End PBXTargetDependency section */

/* Begin XCBuildConfiguration section */
		69FE08C81B84E51500C81ABC /* Debug */ = {
			isa = XCBuildConfiguration;
			buildSettings = {
				ALWAYS_SEARCH_USER_PATHS = NO;
				CLANG_CXX_LANGUAGE_STANDARD = "gnu++0x";
				CLANG_CXX_LIBRARY = "libc++";
				CLANG_ENABLE_MODULES = YES;
				CLANG_ENABLE_OBJC_ARC = YES;
				CLANG_WARN_BOOL_CONVERSION = YES;
				CLANG_WARN_CONSTANT_CONVERSION = YES;
				CLANG_WARN_DIRECT_OBJC_ISA_USAGE = YES_ERROR;
				CLANG_WARN_EMPTY_BODY = YES;
				CLANG_WARN_ENUM_CONVERSION = YES;
				CLANG_WARN_INT_CONVERSION = YES;
				CLANG_WARN_OBJC_ROOT_CLASS = YES_ERROR;
				CLANG_WARN_UNREACHABLE_CODE = YES;
				CLANG_WARN__DUPLICATE_METHOD_MATCH = YES;
				"CODE_SIGN_IDENTITY[sdk=iphoneos*]" = "iPhone Developer";
				COPY_PHASE_STRIP = NO;
				DEBUG_INFORMATION_FORMAT = "dwarf-with-dsym";
				ENABLE_STRICT_OBJC_MSGSEND = YES;
				GCC_C_LANGUAGE_STANDARD = gnu99;
				GCC_DYNAMIC_NO_PIC = NO;
				GCC_NO_COMMON_BLOCKS = YES;
				GCC_OPTIMIZATION_LEVEL = 0;
				GCC_PREPROCESSOR_DEFINITIONS = (
					"DEBUG=1",
					"$(inherited)",
				);
				GCC_SYMBOLS_PRIVATE_EXTERN = NO;
				GCC_WARN_64_TO_32_BIT_CONVERSION = YES;
				GCC_WARN_ABOUT_RETURN_TYPE = YES_ERROR;
				GCC_WARN_UNDECLARED_SELECTOR = YES;
				GCC_WARN_UNINITIALIZED_AUTOS = YES_AGGRESSIVE;
				GCC_WARN_UNUSED_FUNCTION = YES;
				GCC_WARN_UNUSED_VARIABLE = YES;
				IPHONEOS_DEPLOYMENT_TARGET = 8.4;
				MTL_ENABLE_DEBUG_INFO = YES;
				ONLY_ACTIVE_ARCH = YES;
				SDKROOT = iphoneos;
				TARGETED_DEVICE_FAMILY = "1,2";
			};
			name = Debug;
		};
		69FE08C91B84E51500C81ABC /* Release */ = {
			isa = XCBuildConfiguration;
			buildSettings = {
				ALWAYS_SEARCH_USER_PATHS = NO;
				CLANG_CXX_LANGUAGE_STANDARD = "gnu++0x";
				CLANG_CXX_LIBRARY = "libc++";
				CLANG_ENABLE_MODULES = YES;
				CLANG_ENABLE_OBJC_ARC = YES;
				CLANG_WARN_BOOL_CONVERSION = YES;
				CLANG_WARN_CONSTANT_CONVERSION = YES;
				CLANG_WARN_DIRECT_OBJC_ISA_USAGE = YES_ERROR;
				CLANG_WARN_EMPTY_BODY = YES;
				CLANG_WARN_ENUM_CONVERSION = YES;
				CLANG_WARN_INT_CONVERSION = YES;
				CLANG_WARN_OBJC_ROOT_CLASS = YES_ERROR;
				CLANG_WARN_UNREACHABLE_CODE = YES;
				CLANG_WARN__DUPLICATE_METHOD_MATCH = YES;
				"CODE_SIGN_IDENTITY[sdk=iphoneos*]" = "iPhone Developer";
				COPY_PHASE_STRIP = NO;
				DEBUG_INFORMATION_FORMAT = "dwarf-with-dsym";
				ENABLE_NS_ASSERTIONS = NO;
				ENABLE_STRICT_OBJC_MSGSEND = YES;
				GCC_C_LANGUAGE_STANDARD = gnu99;
				GCC_NO_COMMON_BLOCKS = YES;
				GCC_WARN_64_TO_32_BIT_CONVERSION = YES;
				GCC_WARN_ABOUT_RETURN_TYPE = YES_ERROR;
				GCC_WARN_UNDECLARED_SELECTOR = YES;
				GCC_WARN_UNINITIALIZED_AUTOS = YES_AGGRESSIVE;
				GCC_WARN_UNUSED_FUNCTION = YES;
				GCC_WARN_UNUSED_VARIABLE = YES;
				IPHONEOS_DEPLOYMENT_TARGET = 8.4;
				MTL_ENABLE_DEBUG_INFO = NO;
				SDKROOT = iphoneos;
				TARGETED_DEVICE_FAMILY = "1,2";
				VALIDATE_PRODUCT = YES;
			};
			name = Release;
		};
		69FE08CB1B84E51500C81ABC /* Debug */ = {
			isa = XCBuildConfiguration;
			buildSettings = {
				ASSETCATALOG_COMPILER_APPICON_NAME = AppIcon;
				CODE_SIGN_IDENTITY = "iPhone Developer";
				FRAMEWORK_SEARCH_PATHS = "$(PROJECT_DIR)/**";
				INFOPLIST_FILE = "Educatia Student/Info.plist";
				LD_RUNPATH_SEARCH_PATHS = "$(inherited) @executable_path/Frameworks";
				LIBRARY_SEARCH_PATHS = (
					"$(inherited)",
					"$(SDKROOT)/usr/lib/system",
				);
				PRODUCT_NAME = "$(TARGET_NAME)";
				TARGETED_DEVICE_FAMILY = 2;
			};
			name = Debug;
		};
		69FE08CC1B84E51500C81ABC /* Release */ = {
			isa = XCBuildConfiguration;
			buildSettings = {
				ASSETCATALOG_COMPILER_APPICON_NAME = AppIcon;
				CODE_SIGN_IDENTITY = "iPhone Developer";
				FRAMEWORK_SEARCH_PATHS = "$(PROJECT_DIR)/**";
				INFOPLIST_FILE = "Educatia Student/Info.plist";
				LD_RUNPATH_SEARCH_PATHS = "$(inherited) @executable_path/Frameworks";
				LIBRARY_SEARCH_PATHS = (
					"$(inherited)",
					"$(SDKROOT)/usr/lib/system",
				);
				PRODUCT_NAME = "$(TARGET_NAME)";
				TARGETED_DEVICE_FAMILY = 2;
			};
			name = Release;
		};
		69FE08CE1B84E51500C81ABC /* Debug */ = {
			isa = XCBuildConfiguration;
			buildSettings = {
				BUNDLE_LOADER = "$(TEST_HOST)";
				FRAMEWORK_SEARCH_PATHS = (
					"$(SDKROOT)/Developer/Library/Frameworks",
					"$(inherited)",
				);
				GCC_PREPROCESSOR_DEFINITIONS = (
					"DEBUG=1",
					"$(inherited)",
				);
				INFOPLIST_FILE = "Educatia StudentTests/Info.plist";
				LD_RUNPATH_SEARCH_PATHS = "$(inherited) @executable_path/Frameworks @loader_path/Frameworks";
				PRODUCT_NAME = "$(TARGET_NAME)";
				TEST_HOST = "$(BUILT_PRODUCTS_DIR)/Educatia Student.app/Educatia Student";
			};
			name = Debug;
		};
		69FE08CF1B84E51500C81ABC /* Release */ = {
			isa = XCBuildConfiguration;
			buildSettings = {
				BUNDLE_LOADER = "$(TEST_HOST)";
				FRAMEWORK_SEARCH_PATHS = (
					"$(SDKROOT)/Developer/Library/Frameworks",
					"$(inherited)",
				);
				INFOPLIST_FILE = "Educatia StudentTests/Info.plist";
				LD_RUNPATH_SEARCH_PATHS = "$(inherited) @executable_path/Frameworks @loader_path/Frameworks";
				PRODUCT_NAME = "$(TARGET_NAME)";
				TEST_HOST = "$(BUILT_PRODUCTS_DIR)/Educatia Student.app/Educatia Student";
			};
			name = Release;
		};
/* End XCBuildConfiguration section */

/* Begin XCConfigurationList section */
		69FE08A21B84E51500C81ABC /* Build configuration list for PBXProject "Educatia Student" */ = {
			isa = XCConfigurationList;
			buildConfigurations = (
				69FE08C81B84E51500C81ABC /* Debug */,
				69FE08C91B84E51500C81ABC /* Release */,
			);
			defaultConfigurationIsVisible = 0;
			defaultConfigurationName = Release;
		};
		69FE08CA1B84E51500C81ABC /* Build configuration list for PBXNativeTarget "Educatia Student" */ = {
			isa = XCConfigurationList;
			buildConfigurations = (
				69FE08CB1B84E51500C81ABC /* Debug */,
				69FE08CC1B84E51500C81ABC /* Release */,
			);
			defaultConfigurationIsVisible = 0;
			defaultConfigurationName = Release;
		};
		69FE08CD1B84E51500C81ABC /* Build configuration list for PBXNativeTarget "Educatia StudentTests" */ = {
			isa = XCConfigurationList;
			buildConfigurations = (
				69FE08CE1B84E51500C81ABC /* Debug */,
				69FE08CF1B84E51500C81ABC /* Release */,
			);
			defaultConfigurationIsVisible = 0;
			defaultConfigurationName = Release;
		};
/* End XCConfigurationList section */
	};
	rootObject = 69FE089F1B84E51500C81ABC /* Project object */;
}
